
Microsoft Visual Studio Solution File, Format Version 12.00
# Visual Studio Version 17
VisualStudioVersion = 17.8.34525.116
MinimumVisualStudioVersion = 10.0.40219.1
Project("{FAE04EC0-301F-11D3-BF4B-00C04F79EFBC}") = "DesignPattern", "DesignPattern\DesignPattern.csproj", "{B62024A4-B37D-426A-BE72-48B5B1C78096}"
EndProject
Project("{FAE04EC0-301F-11D3-BF4B-00C04F79EFBC}") = "DesignPatternTest", "DesignPatternTest\DesignPatternTest.csproj", "{44CA2712-350D-457D-BF47-42796576C97B}"
EndProject
Global
	GlobalSection(SolutionConfigurationPlatforms) = preSolution
		Debug|Any CPU = Debug|Any CPU
		Release|Any CPU = Release|Any CPU
	EndGlobalSection
	GlobalSection(ProjectConfigurationPlatforms) = postSolution
		{B62024A4-B37D-426A-BE72-48B5B1C78096}.Debug|Any CPU.ActiveCfg = Debug|Any CPU
		{B62024A4-B37D-426A-BE72-48B5B1C78096}.Debug|Any CPU.Build.0 = Debug|Any CPU
		{B62024A4-B37D-426A-BE72-48B5B1C78096}.Release|Any CPU.ActiveCfg = Release|Any CPU
		{B62024A4-B37D-426A-BE72-48B5B1C78096}.Release|Any CPU.Build.0 = Release|Any CPU
		{44CA2712-350D-457D-BF47-42796576C97B}.Debug|Any CPU.ActiveCfg = Debug|Any CPU
		{44CA2712-350D-457D-BF47-42796576C97B}.Debug|Any CPU.Build.0 = Debug|Any CPU
		{44CA2712-350D-457D-BF47-42796576C97B}.Release|Any CPU.ActiveCfg = Release|Any CPU
		{44CA2712-350D-457D-BF47-42796576C97B}.Release|Any CPU.Build.0 = Release|Any CPU
	EndGlobalSection
	GlobalSection(SolutionProperties) = preSolution
		HideSolutionNode = FALSE
	EndGlobalSection
	GlobalSection(ExtensibilityGlobals) = postSolution
		SolutionGuid = {4C2F57E9-5882-4A9E-98DB-468BE4D43405}
	EndGlobalSection
EndGlobal
